
Microsoft Visual Studio Solution File, Format Version 12.00
# Visual Studio 15
VisualStudioVersion = 15.0.28307.1705
MinimumVisualStudioVersion = 10.0.40219.1
Project("{888888A0-9F3D-457C-B088-3A5042F75D52}") = "Tchai", "Tchai\Tchai.pyproj", "{D20CA817-44B0-48A5-94DD-78957B4FC83A}"
EndProject
Global
	GlobalSection(SolutionConfigurationPlatforms) = preSolution
		Debug|Any CPU = Debug|Any CPU
		Release|Any CPU = Release|Any CPU
	EndGlobalSection
	GlobalSection(ProjectConfigurationPlatforms) = postSolution
		{D20CA817-44B0-48A5-94DD-78957B4FC83A}.Debug|Any CPU.ActiveCfg = Debug|Any CPU
		{D20CA817-44B0-48A5-94DD-78957B4FC83A}.Release|Any CPU.ActiveCfg = Release|Any CPU
	EndGlobalSection
	GlobalSection(SolutionProperties) = preSolution
		HideSolutionNode = FALSE
	EndGlobalSection
	GlobalSection(ExtensibilityGlobals) = postSolution
		SolutionGuid = {E0DC3ED6-3BED-424B-9857-C7F5911692D7}
	EndGlobalSection
EndGlobal
